
Microsoft Visual Studio Solution File, Format Version 12.00
# Visual Studio 2015
Project("{FAE04EC0-301F-11D3-BF4B-00C04F79EFBC}") = "VR-Maze", "VR-Maze.csproj", "{789291DF-32A3-770D-81C5-78C9E3D2EBEE}"
EndProject
Project("{FAE04EC0-301F-11D3-BF4B-00C04F79EFBC}") = "VR-Maze.Editor", "VR-Maze.Editor.csproj", "{D92DC29F-5C67-911E-67F6-953D3DD9EB7E}"
EndProject
Global
	GlobalSection(SolutionConfigurationPlatforms) = preSolution
		Debug|Any CPU = Debug|Any CPU
		Release|Any CPU = Release|Any CPU
	EndGlobalSection
	GlobalSection(ProjectConfigurationPlatforms) = postSolution
		{789291DF-32A3-770D-81C5-78C9E3D2EBEE}.Debug|Any CPU.ActiveCfg = Debug|Any CPU
		{789291DF-32A3-770D-81C5-78C9E3D2EBEE}.Debug|Any CPU.Build.0 = Debug|Any CPU
		{789291DF-32A3-770D-81C5-78C9E3D2EBEE}.Release|Any CPU.ActiveCfg = Release|Any CPU
		{789291DF-32A3-770D-81C5-78C9E3D2EBEE}.Release|Any CPU.Build.0 = Release|Any CPU
		{D92DC29F-5C67-911E-67F6-953D3DD9EB7E}.Debug|Any CPU.ActiveCfg = Debug|Any CPU
		{D92DC29F-5C67-911E-67F6-953D3DD9EB7E}.Debug|Any CPU.Build.0 = Debug|Any CPU
		{D92DC29F-5C67-911E-67F6-953D3DD9EB7E}.Release|Any CPU.ActiveCfg = Release|Any CPU
		{D92DC29F-5C67-911E-67F6-953D3DD9EB7E}.Release|Any CPU.Build.0 = Release|Any CPU
	EndGlobalSection
	GlobalSection(SolutionProperties) = preSolution
		HideSolutionNode = FALSE
	EndGlobalSection
EndGlobal
